
Microsoft Visual Studio Solution File, Format Version 12.00
# Visual Studio Version 16
VisualStudioVersion = 16.0.30503.244
MinimumVisualStudioVersion = 10.0.40219.1
Project("{FAE04EC0-301F-11D3-BF4B-00C04F79EFBC}") = "SnakeAndLadderProgram", "SnakeAndLadderProgram.csproj", "{AD87FF9C-E6B0-4329-9AEF-7C1E52B6B034}"
EndProject
Global
	GlobalSection(SolutionConfigurationPlatforms) = preSolution
		Debug|Any CPU = Debug|Any CPU
		Release|Any CPU = Release|Any CPU
	EndGlobalSection
	GlobalSection(ProjectConfigurationPlatforms) = postSolution
		{AD87FF9C-E6B0-4329-9AEF-7C1E52B6B034}.Debug|Any CPU.ActiveCfg = Debug|Any CPU
		{AD87FF9C-E6B0-4329-9AEF-7C1E52B6B034}.Debug|Any CPU.Build.0 = Debug|Any CPU
		{AD87FF9C-E6B0-4329-9AEF-7C1E52B6B034}.Release|Any CPU.ActiveCfg = Release|Any CPU
		{AD87FF9C-E6B0-4329-9AEF-7C1E52B6B034}.Release|Any CPU.Build.0 = Release|Any CPU
	EndGlobalSection
	GlobalSection(SolutionProperties) = preSolution
		HideSolutionNode = FALSE
	EndGlobalSection
	GlobalSection(ExtensibilityGlobals) = postSolution
		SolutionGuid = {61FCB26F-131A-440E-A424-9FBE470D6AB0}
	EndGlobalSection
EndGlobal
